
Microsoft Visual Studio Solution File, Format Version 12.00
# Visual Studio 15
VisualStudioVersion = 15.0.28010.2046
MinimumVisualStudioVersion = 10.0.40219.1
Project("{8BC9CEB8-8B4A-11D0-8D11-00A0C91BC942}") = "lr06_vs17", "lr06_vs17.vcxproj", "{681BDDEF-E979-41B7-9561-9A00A1A1C6FF}"
EndProject
Global
	GlobalSection(SolutionConfigurationPlatforms) = preSolution
		Debug|x64 = Debug|x64
		Debug|x86 = Debug|x86
		Release|x64 = Release|x64
		Release|x86 = Release|x86
	EndGlobalSection
	GlobalSection(ProjectConfigurationPlatforms) = postSolution
		{681BDDEF-E979-41B7-9561-9A00A1A1C6FF}.Debug|x64.ActiveCfg = Debug|x64
		{681BDDEF-E979-41B7-9561-9A00A1A1C6FF}.Debug|x64.Build.0 = Debug|x64
		{681BDDEF-E979-41B7-9561-9A00A1A1C6FF}.Debug|x86.ActiveCfg = Debug|Win32
		{681BDDEF-E979-41B7-9561-9A00A1A1C6FF}.Debug|x86.Build.0 = Debug|Win32
		{681BDDEF-E979-41B7-9561-9A00A1A1C6FF}.Release|x64.ActiveCfg = Release|x64
		{681BDDEF-E979-41B7-9561-9A00A1A1C6FF}.Release|x64.Build.0 = Release|x64
		{681BDDEF-E979-41B7-9561-9A00A1A1C6FF}.Release|x86.ActiveCfg = Release|Win32
		{681BDDEF-E979-41B7-9561-9A00A1A1C6FF}.Release|x86.Build.0 = Release|Win32
	EndGlobalSection
	GlobalSection(SolutionProperties) = preSolution
		HideSolutionNode = FALSE
	EndGlobalSection
	GlobalSection(ExtensibilityGlobals) = postSolution
		SolutionGuid = {C7430487-4889-45AD-A3C1-E296166A04E7}
	EndGlobalSection
EndGlobal
